
Microsoft Visual Studio Solution File, Format Version 12.00
# Visual Studio Version 17
VisualStudioVersion = 17.6.33815.320
MinimumVisualStudioVersion = 10.0.40219.1
Project("{FAE04EC0-301F-11D3-BF4B-00C04F79EFBC}") = "APIExample_day30", "APIExample_day30\APIExample_day30.csproj", "{FA67D23B-6036-4D61-AAFB-B0AF19B5AE69}"
EndProject
Global
	GlobalSection(SolutionConfigurationPlatforms) = preSolution
		Debug|Any CPU = Debug|Any CPU
		Release|Any CPU = Release|Any CPU
	EndGlobalSection
	GlobalSection(ProjectConfigurationPlatforms) = postSolution
		{FA67D23B-6036-4D61-AAFB-B0AF19B5AE69}.Debug|Any CPU.ActiveCfg = Debug|Any CPU
		{FA67D23B-6036-4D61-AAFB-B0AF19B5AE69}.Debug|Any CPU.Build.0 = Debug|Any CPU
		{FA67D23B-6036-4D61-AAFB-B0AF19B5AE69}.Release|Any CPU.ActiveCfg = Release|Any CPU
		{FA67D23B-6036-4D61-AAFB-B0AF19B5AE69}.Release|Any CPU.Build.0 = Release|Any CPU
	EndGlobalSection
	GlobalSection(SolutionProperties) = preSolution
		HideSolutionNode = FALSE
	EndGlobalSection
	GlobalSection(ExtensibilityGlobals) = postSolution
		SolutionGuid = {A0A3FE6B-0B06-4419-80CF-485FC4BF29BD}
	EndGlobalSection
EndGlobal
